
Microsoft Visual Studio Solution File, Format Version 12.00
# Visual Studio Version 16
VisualStudioVersion = 16.0.31205.134
MinimumVisualStudioVersion = 10.0.40219.1
Project("{FAE04EC0-301F-11D3-BF4B-00C04F79EFBC}") = "MyFactsLab.Android", "MyFactsLab\MyFactsLab.Android\MyFactsLab.Android.csproj", "{B8F718F6-ABFD-4F71-AD40-E14018350221}"
EndProject
Project("{FAE04EC0-301F-11D3-BF4B-00C04F79EFBC}") = "MyFactsLab", "MyFactsLab\MyFactsLab\MyFactsLab.csproj", "{4DFD26CE-A06B-47AC-9E05-79144AC7063E}"
EndProject
Global
	GlobalSection(SolutionConfigurationPlatforms) = preSolution
		Debug|Any CPU = Debug|Any CPU
		Release|Any CPU = Release|Any CPU
	EndGlobalSection
	GlobalSection(ProjectConfigurationPlatforms) = postSolution
		{B8F718F6-ABFD-4F71-AD40-E14018350221}.Debug|Any CPU.ActiveCfg = Debug|Any CPU
		{B8F718F6-ABFD-4F71-AD40-E14018350221}.Debug|Any CPU.Build.0 = Debug|Any CPU
		{B8F718F6-ABFD-4F71-AD40-E14018350221}.Debug|Any CPU.Deploy.0 = Debug|Any CPU
		{B8F718F6-ABFD-4F71-AD40-E14018350221}.Release|Any CPU.ActiveCfg = Release|Any CPU
		{B8F718F6-ABFD-4F71-AD40-E14018350221}.Release|Any CPU.Build.0 = Release|Any CPU
		{B8F718F6-ABFD-4F71-AD40-E14018350221}.Release|Any CPU.Deploy.0 = Release|Any CPU
		{4DFD26CE-A06B-47AC-9E05-79144AC7063E}.Debug|Any CPU.ActiveCfg = Debug|Any CPU
		{4DFD26CE-A06B-47AC-9E05-79144AC7063E}.Debug|Any CPU.Build.0 = Debug|Any CPU
		{4DFD26CE-A06B-47AC-9E05-79144AC7063E}.Debug|Any CPU.Deploy.0 = Debug|Any CPU
		{4DFD26CE-A06B-47AC-9E05-79144AC7063E}.Release|Any CPU.ActiveCfg = Release|Any CPU
		{4DFD26CE-A06B-47AC-9E05-79144AC7063E}.Release|Any CPU.Build.0 = Release|Any CPU
		{4DFD26CE-A06B-47AC-9E05-79144AC7063E}.Release|Any CPU.Deploy.0 = Release|Any CPU
	EndGlobalSection
	GlobalSection(SolutionProperties) = preSolution
		HideSolutionNode = FALSE
	EndGlobalSection
	GlobalSection(ExtensibilityGlobals) = postSolution
		SolutionGuid = {E02A6AF7-A0C8-44FA-B9A7-1D476996B459}
	EndGlobalSection
EndGlobal
